
Microsoft Visual Studio Solution File, Format Version 12.00
# Visual Studio 15
VisualStudioVersion = 15.0.28010.2048
MinimumVisualStudioVersion = 10.0.40219.1
Project("{FAE04EC0-301F-11D3-BF4B-00C04F79EFBC}") = "tXeDataManager", "tXeDataManager\tXeDataManager.csproj", "{4E6D0650-DA61-4CA7-8E74-5766169B74F9}"
EndProject
Global
	GlobalSection(SolutionConfigurationPlatforms) = preSolution
		Debug|Any CPU = Debug|Any CPU
		Release|Any CPU = Release|Any CPU
	EndGlobalSection
	GlobalSection(ProjectConfigurationPlatforms) = postSolution
		{4E6D0650-DA61-4CA7-8E74-5766169B74F9}.Debug|Any CPU.ActiveCfg = Debug|Any CPU
		{4E6D0650-DA61-4CA7-8E74-5766169B74F9}.Debug|Any CPU.Build.0 = Debug|Any CPU
		{4E6D0650-DA61-4CA7-8E74-5766169B74F9}.Release|Any CPU.ActiveCfg = Release|Any CPU
		{4E6D0650-DA61-4CA7-8E74-5766169B74F9}.Release|Any CPU.Build.0 = Release|Any CPU
	EndGlobalSection
	GlobalSection(SolutionProperties) = preSolution
		HideSolutionNode = FALSE
	EndGlobalSection
	GlobalSection(ExtensibilityGlobals) = postSolution
		SolutionGuid = {0CC0843E-CC6F-484B-84CD-27E5F1F101CD}
	EndGlobalSection
EndGlobal
